
Microsoft Visual Studio Solution File, Format Version 12.00
# Visual Studio Version 17
VisualStudioVersion = 17.10.35201.131
MinimumVisualStudioVersion = 10.0.40219.1
Project("{8BC9CEB8-8B4A-11D0-8D11-00A0C91BC942}") = "Task1", "Task1\Task1.vcxproj", "{77ACEE13-AC7F-401F-9573-F494B6593F8A}"
EndProject
Global
	GlobalSection(SolutionConfigurationPlatforms) = preSolution
		Debug|x64 = Debug|x64
		Debug|x86 = Debug|x86
		Release|x64 = Release|x64
		Release|x86 = Release|x86
	EndGlobalSection
	GlobalSection(ProjectConfigurationPlatforms) = postSolution
		{77ACEE13-AC7F-401F-9573-F494B6593F8A}.Debug|x64.ActiveCfg = Debug|x64
		{77ACEE13-AC7F-401F-9573-F494B6593F8A}.Debug|x64.Build.0 = Debug|x64
		{77ACEE13-AC7F-401F-9573-F494B6593F8A}.Debug|x86.ActiveCfg = Debug|Win32
		{77ACEE13-AC7F-401F-9573-F494B6593F8A}.Debug|x86.Build.0 = Debug|Win32
		{77ACEE13-AC7F-401F-9573-F494B6593F8A}.Release|x64.ActiveCfg = Release|x64
		{77ACEE13-AC7F-401F-9573-F494B6593F8A}.Release|x64.Build.0 = Release|x64
		{77ACEE13-AC7F-401F-9573-F494B6593F8A}.Release|x86.ActiveCfg = Release|Win32
		{77ACEE13-AC7F-401F-9573-F494B6593F8A}.Release|x86.Build.0 = Release|Win32
	EndGlobalSection
	GlobalSection(SolutionProperties) = preSolution
		HideSolutionNode = FALSE
	EndGlobalSection
	GlobalSection(ExtensibilityGlobals) = postSolution
		SolutionGuid = {D9ABC5A5-F087-4715-88EB-1DD60835C503}
	EndGlobalSection
EndGlobal
